
Microsoft Visual Studio Solution File, Format Version 12.00
# Visual Studio 15
VisualStudioVersion = 15.0.26430.13
MinimumVisualStudioVersion = 10.0.40219.1
Project("{FAE04EC0-301F-11D3-BF4B-00C04F79EFBC}") = "SAPWS.HELPER", "SAPWS.HELPER\SAPWS.HELPER.csproj", "{7DB8AD7F-BDDC-4A71-A5CD-CA6ACED0B16F}"
EndProject
Project("{FAE04EC0-301F-11D3-BF4B-00C04F79EFBC}") = "SAPWS.VIEWMODEL", "SAPWS.VIEWMODEL\SAPWS.VIEWMODEL.csproj", "{14AA08FF-E752-4475-B432-5F4A96DD5343}"
EndProject
Project("{FAE04EC0-301F-11D3-BF4B-00C04F79EFBC}") = "SAPWS.EXCEPTION", "SAPWS.EXCEPTION\SAPWS.EXCEPTION.csproj", "{59A0734C-21C4-49D1-8BB9-1D34CA9E5EFC}"
EndProject
Project("{FAE04EC0-301F-11D3-BF4B-00C04F79EFBC}") = "SAPWS.CONTROLLER", "SAPWS.CONTROLLER\SAPWS.CONTROLLER.csproj", "{1426388B-E627-447A-B7C0-1CBE6B51FC56}"
EndProject
Project("{FAE04EC0-301F-11D3-BF4B-00C04F79EFBC}") = "SAPWS.LOGIC", "SAPWS.LOGIC\SAPWS.LOGIC.csproj", "{F439313B-59DA-4512-AB48-68C866E8DA78}"
EndProject
Project("{FAE04EC0-301F-11D3-BF4B-00C04F79EFBC}") = "SAPWS.DATAACCESS", "SAPWS.DATAACCESS\SAPWS.DATAACCESS.csproj", "{A5405922-85B3-4E33-B19F-EF8E9FD0AAA3}"
EndProject
Project("{FAE04EC0-301F-11D3-BF4B-00C04F79EFBC}") = "SAPWS.XMLMODEL", "SAPWS.XMLMODEL\SAPWS.XMLMODEL.csproj", "{70628D96-3A03-46E3-B465-9A5F45AA801C}"
EndProject
Project("{FAE04EC0-301F-11D3-BF4B-00C04F79EFBC}") = "SAPWS", "SAPWS\SAPWS.csproj", "{F15FBCE0-846F-40BD-9662-FDE1D393B973}"
EndProject
Global
	GlobalSection(SolutionConfigurationPlatforms) = preSolution
		Debug|Any CPU = Debug|Any CPU
		Release|Any CPU = Release|Any CPU
	EndGlobalSection
	GlobalSection(ProjectConfigurationPlatforms) = postSolution
		{7DB8AD7F-BDDC-4A71-A5CD-CA6ACED0B16F}.Debug|Any CPU.ActiveCfg = Debug|Any CPU
		{7DB8AD7F-BDDC-4A71-A5CD-CA6ACED0B16F}.Debug|Any CPU.Build.0 = Debug|Any CPU
		{7DB8AD7F-BDDC-4A71-A5CD-CA6ACED0B16F}.Release|Any CPU.ActiveCfg = Release|Any CPU
		{7DB8AD7F-BDDC-4A71-A5CD-CA6ACED0B16F}.Release|Any CPU.Build.0 = Release|Any CPU
		{14AA08FF-E752-4475-B432-5F4A96DD5343}.Debug|Any CPU.ActiveCfg = Debug|Any CPU
		{14AA08FF-E752-4475-B432-5F4A96DD5343}.Debug|Any CPU.Build.0 = Debug|Any CPU
		{14AA08FF-E752-4475-B432-5F4A96DD5343}.Release|Any CPU.ActiveCfg = Release|Any CPU
		{14AA08FF-E752-4475-B432-5F4A96DD5343}.Release|Any CPU.Build.0 = Release|Any CPU
		{59A0734C-21C4-49D1-8BB9-1D34CA9E5EFC}.Debug|Any CPU.ActiveCfg = Debug|Any CPU
		{59A0734C-21C4-49D1-8BB9-1D34CA9E5EFC}.Debug|Any CPU.Build.0 = Debug|Any CPU
		{59A0734C-21C4-49D1-8BB9-1D34CA9E5EFC}.Release|Any CPU.ActiveCfg = Release|Any CPU
		{59A0734C-21C4-49D1-8BB9-1D34CA9E5EFC}.Release|Any CPU.Build.0 = Release|Any CPU
		{1426388B-E627-447A-B7C0-1CBE6B51FC56}.Debug|Any CPU.ActiveCfg = Debug|Any CPU
		{1426388B-E627-447A-B7C0-1CBE6B51FC56}.Debug|Any CPU.Build.0 = Debug|Any CPU
		{1426388B-E627-447A-B7C0-1CBE6B51FC56}.Release|Any CPU.ActiveCfg = Release|Any CPU
		{1426388B-E627-447A-B7C0-1CBE6B51FC56}.Release|Any CPU.Build.0 = Release|Any CPU
		{F439313B-59DA-4512-AB48-68C866E8DA78}.Debug|Any CPU.ActiveCfg = Debug|Any CPU
		{F439313B-59DA-4512-AB48-68C866E8DA78}.Debug|Any CPU.Build.0 = Debug|Any CPU
		{F439313B-59DA-4512-AB48-68C866E8DA78}.Release|Any CPU.ActiveCfg = Release|Any CPU
		{F439313B-59DA-4512-AB48-68C866E8DA78}.Release|Any CPU.Build.0 = Release|Any CPU
		{A5405922-85B3-4E33-B19F-EF8E9FD0AAA3}.Debug|Any CPU.ActiveCfg = Debug|Any CPU
		{A5405922-85B3-4E33-B19F-EF8E9FD0AAA3}.Debug|Any CPU.Build.0 = Debug|Any CPU
		{A5405922-85B3-4E33-B19F-EF8E9FD0AAA3}.Release|Any CPU.ActiveCfg = Release|Any CPU
		{A5405922-85B3-4E33-B19F-EF8E9FD0AAA3}.Release|Any CPU.Build.0 = Release|Any CPU
		{70628D96-3A03-46E3-B465-9A5F45AA801C}.Debug|Any CPU.ActiveCfg = Debug|Any CPU
		{70628D96-3A03-46E3-B465-9A5F45AA801C}.Debug|Any CPU.Build.0 = Debug|Any CPU
		{70628D96-3A03-46E3-B465-9A5F45AA801C}.Release|Any CPU.ActiveCfg = Release|Any CPU
		{70628D96-3A03-46E3-B465-9A5F45AA801C}.Release|Any CPU.Build.0 = Release|Any CPU
		{F15FBCE0-846F-40BD-9662-FDE1D393B973}.Debug|Any CPU.ActiveCfg = Debug|Any CPU
		{F15FBCE0-846F-40BD-9662-FDE1D393B973}.Debug|Any CPU.Build.0 = Debug|Any CPU
		{F15FBCE0-846F-40BD-9662-FDE1D393B973}.Release|Any CPU.ActiveCfg = Release|Any CPU
		{F15FBCE0-846F-40BD-9662-FDE1D393B973}.Release|Any CPU.Build.0 = Release|Any CPU
	EndGlobalSection
	GlobalSection(SolutionProperties) = preSolution
		HideSolutionNode = FALSE
	EndGlobalSection
EndGlobal
